{
  "version": "5",
  "specifiers": {
    "npm:standardwebhooks@1.0.0": "1.0.0"
  },
  "npm": {
    "@stablelib/base64@1.0.1": {
      "integrity": "sha512-1bnPQqSxSuc3Ii6MhBysoWCg58j97aUjuCSZrGSmDxNqtytIi0k8utUenAwTZN4V5mXXYGsVUI9zeBqy+jBOSQ=="
    },
    "fast-sha256@1.3.0": {
      "integrity": "sha512-n11RGP/lrWEFI/bWdygLxhI+pVeo1ZYIVwvvPkW7azl/rOy+F3HYRZ2K5zeE9mmkhQppyv9sQFx0JM9UabnpPQ=="
    },
    "standardwebhooks@1.0.0": {
      "integrity": "sha512-BbHGOQK9olHPMvQNHWul6MYlrRTAOKn03rOe4A8O3CLWhNf4YHBqq2HJKKC+sfqpxiBY52pNeesD6jIiLDz8jg==",
      "dependencies": [
        "@stablelib/base64",
        "fast-sha256"
      ]
    }
  },
  "workspace": {
    "dependencies": [
      "npm:standardwebhooks@1.0.0"
    ]
  }
}
