{
  "name": "vamo",
  "lockfileVersion": 3,
  "requires": true,
  "packages": {
    "": {
      "devDependencies": {
        "supabase": "^2.105.0"
      }
    },
    "node_modules/@supabase/cli-darwin-arm64": {
      "version": "2.105.0",
      "resolved": "https://registry.npmjs.org/@supabase/cli-darwin-arm64/-/cli-darwin-arm64-2.105.0.tgz",
      "integrity": "sha512-ptlLrggNCq7dndvY7ce0MIvCZRnAYXeyKC0H7c4DqQmCbOPZgSwD5a4E3RPrZS6TLeJPG7XhpuJarAU5PTf/9w==",
      "cpu": [
        "arm64"
      ],
      "dev": true,
      "license": "MIT",
      "optional": true,
      "os": [
        "darwin"
      ]
    },
    "node_modules/@supabase/cli-darwin-x64": {
      "version": "2.105.0",
      "resolved": "https://registry.npmjs.org/@supabase/cli-darwin-x64/-/cli-darwin-x64-2.105.0.tgz",
      "integrity": "sha512-kJDYyy3UkXd4hDzo+duOzUk8yDqLEit8d/clBCiXNQFSJf96QCnG2iyrzT4dCDUk8UB3+g9xL1mH2EEuPHj7oA==",
      "cpu": [
        "x64"
      ],
      "dev": true,
      "license": "MIT",
      "optional": true,
      "os": [
        "darwin"
      ]
    },
    "node_modules/@supabase/cli-linux-arm64": {
      "version": "2.105.0",
      "resolved": "https://registry.npmjs.org/@supabase/cli-linux-arm64/-/cli-linux-arm64-2.105.0.tgz",
      "integrity": "sha512-cdHgfIFElYkAjrp0aJPlQPTqQ9doSxB4qRswlGNsSYaLlK5Ns78rXsB7G71RRnyrzb41C183osRhVENWVrnK/w==",
      "cpu": [
        "arm64"
      ],
      "dev": true,
      "libc": [
        "glibc"
      ],
      "license": "MIT",
      "optional": true,
      "os": [
        "linux"
      ]
    },
    "node_modules/@supabase/cli-linux-arm64-musl": {
      "version": "2.105.0",
      "resolved": "https://registry.npmjs.org/@supabase/cli-linux-arm64-musl/-/cli-linux-arm64-musl-2.105.0.tgz",
      "integrity": "sha512-45vxbXRwe/JUAjyvQ8oKO2o44IK3GunlVqeIWGzcDgaeMg5XO4x0i9+NGPvOvvhyMB4bgJ3cMxh/ovl1AM0GZA==",
      "cpu": [
        "arm64"
      ],
      "dev": true,
      "libc": [
        "musl"
      ],
      "license": "MIT",
      "optional": true,
      "os": [
        "linux"
      ]
    },
    "node_modules/@supabase/cli-linux-x64": {
      "version": "2.105.0",
      "resolved": "https://registry.npmjs.org/@supabase/cli-linux-x64/-/cli-linux-x64-2.105.0.tgz",
      "integrity": "sha512-rj1iU0h4EJaanx72eJtipiXczAY3gug9qxo62MYUZg2X1aaegFtyMS83fmjC7YlduW2Cu+zvgWoyTlA6R5Ndzg==",
      "cpu": [
        "x64"
      ],
      "dev": true,
      "libc": [
        "glibc"
      ],
      "license": "MIT",
      "optional": true,
      "os": [
        "linux"
      ]
    },
    "node_modules/@supabase/cli-linux-x64-musl": {
      "version": "2.105.0",
      "resolved": "https://registry.npmjs.org/@supabase/cli-linux-x64-musl/-/cli-linux-x64-musl-2.105.0.tgz",
      "integrity": "sha512-VnHn1NPn9Ov81BXFOx6FpHxbBT5e3ObaUxO7DR+LDGjh2wfMUj4E6Y863w+r0HJk0hi0mRH7u0U0dOrbBp4E+w==",
      "cpu": [
        "x64"
      ],
      "dev": true,
      "libc": [
        "musl"
      ],
      "license": "MIT",
      "optional": true,
      "os": [
        "linux"
      ]
    },
    "node_modules/@supabase/cli-windows-arm64": {
      "version": "2.105.0",
      "resolved": "https://registry.npmjs.org/@supabase/cli-windows-arm64/-/cli-windows-arm64-2.105.0.tgz",
      "integrity": "sha512-b5xQ5dVkARZTBiSwLpPbwffRHvVDcO3ZvAtzz54J44KQdLD0TSrgoXZJBrI4Y3ggmG70EiITKPL8+rT6ptjXsQ==",
      "cpu": [
        "arm64"
      ],
      "dev": true,
      "license": "MIT",
      "optional": true,
      "os": [
        "win32"
      ]
    },
    "node_modules/@supabase/cli-windows-x64": {
      "version": "2.105.0",
      "resolved": "https://registry.npmjs.org/@supabase/cli-windows-x64/-/cli-windows-x64-2.105.0.tgz",
      "integrity": "sha512-QmfqDQJ58ba/9+vzM8HJQsa/rY6OdtaaaAmPKwCMd8JUQ7758p8sydYe1vXTb4CCPdvk9qW2d/Dh54ucH4SPwg==",
      "cpu": [
        "x64"
      ],
      "dev": true,
      "license": "MIT",
      "optional": true,
      "os": [
        "win32"
      ]
    },
    "node_modules/supabase": {
      "version": "2.105.0",
      "resolved": "https://registry.npmjs.org/supabase/-/supabase-2.105.0.tgz",
      "integrity": "sha512-UB2aFLYAVujTQsZ9l+aCbDfLNaZApZucByRNP/1j0L1pXXzFhSgEyZSrvHSUO5LIvOb09AGHWishL/usVTuHTg==",
      "dev": true,
      "license": "MIT",
      "bin": {
        "supabase": "dist/supabase.js"
      },
      "optionalDependencies": {
        "@supabase/cli-darwin-arm64": "2.105.0",
        "@supabase/cli-darwin-x64": "2.105.0",
        "@supabase/cli-linux-arm64": "2.105.0",
        "@supabase/cli-linux-arm64-musl": "2.105.0",
        "@supabase/cli-linux-x64": "2.105.0",
        "@supabase/cli-linux-x64-musl": "2.105.0",
        "@supabase/cli-windows-arm64": "2.105.0",
        "@supabase/cli-windows-x64": "2.105.0"
      }
    }
  }
}
